{
  "nodes": {
    "nixpkgs": {
      "locked": {
        "lastModified": 1783754472,
        "narHash": "sha256-UxGo/Aie7iPC23LgEmGl2FN0XZhZMzy6APCXVzvbcoI=",
        "rev": "770b9bbb84018993c8f009d437fff6c2e3077037",
        "type": "tarball",
        "url": "https://releases.nixos.org/nixpkgs/nixpkgs-26.11pre1032759.770b9bbb8401/nixexprs.tar.xz"
      },
      "original": {
        "id": "nixpkgs",
        "type": "indirect"
      }
    },
    "root": {
      "inputs": {
        "nixpkgs": "nixpkgs"
      }
    }
  },
  "root": "root",
  "version": 7
}
